
Microsoft Visual Studio Solution File, Format Version 12.00
# Visual Studio 14
VisualStudioVersion = 14.0.24720.0
MinimumVisualStudioVersion = 10.0.40219.1
Project("{2150E333-8FDC-42A3-9474-1A3956D46DE8}") = "SolutionFiles", "SolutionFiles", "{4928A491-6E0E-4948-A9DD-F24A4A0AAC08}"
	ProjectSection(SolutionItems) = preProject
		.gitattributes = .gitattributes
		.gitignore = .gitignore
		.mailmap = .mailmap
		CONTRIBUTING.md = CONTRIBUTING.md
		Gemfile = Gemfile
		Gemfile.lock = Gemfile.lock
		how_to_build.md = how_to_build.md
		LICENSE = LICENSE
		rakefile.rb = rakefile.rb
		README.md = README.md
		Settings.StyleCop = Settings.StyleCop
	EndProjectSection
EndProject
Project("{2150E333-8FDC-42A3-9474-1A3956D46DE8}") = ".nuget", ".nuget", "{B32D81B0-BCE2-48E7-9CCE-8CD79547A5DE}"
	ProjectSection(SolutionItems) = preProject
		.nuget\NuGet.Config = .nuget\NuGet.Config
		.nuget\packages.config = .nuget\packages.config
	EndProjectSection
EndProject
Project("{FAE04EC0-301F-11D3-BF4B-00C04F79EFBC}") = "ConfigR.Tests.Acceptance", "tests\ConfigR.Tests.Acceptance\ConfigR.Tests.Acceptance.csproj", "{B80B228F-08E7-44F7-8209-6556DC4E68FB}"
	ProjectSection(ProjectDependencies) = postProject
		{CCC5ED41-E765-45A6-B555-21DF5956A5C2} = {CCC5ED41-E765-45A6-B555-21DF5956A5C2}
	EndProjectSection
EndProject
Project("{2150E333-8FDC-42A3-9474-1A3956D46DE8}") = "tests", "tests", "{BFAB0B22-0936-409D-AA3A-04E5C503F479}"
	ProjectSection(SolutionItems) = preProject
		tests\ConfigR.Tests.ruleset = tests\ConfigR.Tests.ruleset
	EndProjectSection
EndProject
Project("{FAE04EC0-301F-11D3-BF4B-00C04F79EFBC}") = "ConfigR.Tests.Smoke.Service", "tests\ConfigR.Tests.Smoke.Service\ConfigR.Tests.Smoke.Service.csproj", "{3ABA6C87-14D3-4CDE-ADEA-052381287C99}"
EndProject
Project("{FAE04EC0-301F-11D3-BF4B-00C04F79EFBC}") = "ConfigR.Tests.Smoke.VSHostingProcess", "tests\ConfigR.Tests.Smoke.VSHostingProcess\ConfigR.Tests.Smoke.VSHostingProcess.csproj", "{D3C09CAC-36C7-4E3C-A858-644862138250}"
EndProject
Project("{2150E333-8FDC-42A3-9474-1A3956D46DE8}") = "Acceptance", "Acceptance", "{A6B57E3F-5EAC-42D4-99C8-82C84CDE83E9}"
EndProject
Project("{2150E333-8FDC-42A3-9474-1A3956D46DE8}") = "Smoke", "Smoke", "{CFB23AAE-EEC4-422A-B803-F247248485AD}"
EndProject
Project("{FAE04EC0-301F-11D3-BF4B-00C04F79EFBC}") = "ConfigR.Tests.Smoke.Website", "tests\ConfigR.Tests.Smoke.Website\ConfigR.Tests.Smoke.Website.csproj", "{ED638DD5-E755-4B7A-940D-5C94AB425686}"
EndProject
Project("{FAE04EC0-301F-11D3-BF4B-00C04F79EFBC}") = "ConfigR.Tests.Support.SampleDependency", "tests\ConfigR.Tests.Support.SampleDependency\ConfigR.Tests.Support.SampleDependency.csproj", "{CCC5ED41-E765-45A6-B555-21DF5956A5C2}"
EndProject
Project("{2150E333-8FDC-42A3-9474-1A3956D46DE8}") = "src", "src", "{50D9D874-1322-441C-9396-33F25832FB88}"
EndProject
Project("{FAE04EC0-301F-11D3-BF4B-00C04F79EFBC}") = "ConfigR", "src\ConfigR\ConfigR.csproj", "{A294DB75-7707-4C47-8BEC-56F5ADA25367}"
EndProject
Project("{2150E333-8FDC-42A3-9474-1A3956D46DE8}") = "Support", "Support", "{6F07A14D-1495-4CB4-9F11-CF0F30C916C4}"
EndProject
Global
	GlobalSection(SolutionConfigurationPlatforms) = preSolution
		Debug|Any CPU = Debug|Any CPU
		Release|Any CPU = Release|Any CPU
	EndGlobalSection
	GlobalSection(ProjectConfigurationPlatforms) = postSolution
		{B80B228F-08E7-44F7-8209-6556DC4E68FB}.Debug|Any CPU.ActiveCfg = Debug|Any CPU
		{B80B228F-08E7-44F7-8209-6556DC4E68FB}.Debug|Any CPU.Build.0 = Debug|Any CPU
		{B80B228F-08E7-44F7-8209-6556DC4E68FB}.Release|Any CPU.ActiveCfg = Release|Any CPU
		{B80B228F-08E7-44F7-8209-6556DC4E68FB}.Release|Any CPU.Build.0 = Release|Any CPU
		{3ABA6C87-14D3-4CDE-ADEA-052381287C99}.Debug|Any CPU.ActiveCfg = Debug|Any CPU
		{3ABA6C87-14D3-4CDE-ADEA-052381287C99}.Debug|Any CPU.Build.0 = Debug|Any CPU
		{3ABA6C87-14D3-4CDE-ADEA-052381287C99}.Release|Any CPU.ActiveCfg = Release|Any CPU
		{3ABA6C87-14D3-4CDE-ADEA-052381287C99}.Release|Any CPU.Build.0 = Release|Any CPU
		{D3C09CAC-36C7-4E3C-A858-644862138250}.Debug|Any CPU.ActiveCfg = Debug|Any CPU
		{D3C09CAC-36C7-4E3C-A858-644862138250}.Debug|Any CPU.Build.0 = Debug|Any CPU
		{D3C09CAC-36C7-4E3C-A858-644862138250}.Release|Any CPU.ActiveCfg = Release|Any CPU
		{D3C09CAC-36C7-4E3C-A858-644862138250}.Release|Any CPU.Build.0 = Release|Any CPU
		{ED638DD5-E755-4B7A-940D-5C94AB425686}.Debug|Any CPU.ActiveCfg = Debug|Any CPU
		{ED638DD5-E755-4B7A-940D-5C94AB425686}.Debug|Any CPU.Build.0 = Debug|Any CPU
		{ED638DD5-E755-4B7A-940D-5C94AB425686}.Release|Any CPU.ActiveCfg = Release|Any CPU
		{ED638DD5-E755-4B7A-940D-5C94AB425686}.Release|Any CPU.Build.0 = Release|Any CPU
		{CCC5ED41-E765-45A6-B555-21DF5956A5C2}.Debug|Any CPU.ActiveCfg = Debug|Any CPU
		{CCC5ED41-E765-45A6-B555-21DF5956A5C2}.Debug|Any CPU.Build.0 = Debug|Any CPU
		{CCC5ED41-E765-45A6-B555-21DF5956A5C2}.Release|Any CPU.ActiveCfg = Release|Any CPU
		{CCC5ED41-E765-45A6-B555-21DF5956A5C2}.Release|Any CPU.Build.0 = Release|Any CPU
		{A294DB75-7707-4C47-8BEC-56F5ADA25367}.Debug|Any CPU.ActiveCfg = Debug|Any CPU
		{A294DB75-7707-4C47-8BEC-56F5ADA25367}.Debug|Any CPU.Build.0 = Debug|Any CPU
		{A294DB75-7707-4C47-8BEC-56F5ADA25367}.Release|Any CPU.ActiveCfg = Release|Any CPU
		{A294DB75-7707-4C47-8BEC-56F5ADA25367}.Release|Any CPU.Build.0 = Release|Any CPU
	EndGlobalSection
	GlobalSection(SolutionProperties) = preSolution
		HideSolutionNode = FALSE
	EndGlobalSection
	GlobalSection(NestedProjects) = preSolution
		{B80B228F-08E7-44F7-8209-6556DC4E68FB} = {A6B57E3F-5EAC-42D4-99C8-82C84CDE83E9}
		{3ABA6C87-14D3-4CDE-ADEA-052381287C99} = {CFB23AAE-EEC4-422A-B803-F247248485AD}
		{D3C09CAC-36C7-4E3C-A858-644862138250} = {CFB23AAE-EEC4-422A-B803-F247248485AD}
		{A6B57E3F-5EAC-42D4-99C8-82C84CDE83E9} = {BFAB0B22-0936-409D-AA3A-04E5C503F479}
		{CFB23AAE-EEC4-422A-B803-F247248485AD} = {BFAB0B22-0936-409D-AA3A-04E5C503F479}
		{ED638DD5-E755-4B7A-940D-5C94AB425686} = {CFB23AAE-EEC4-422A-B803-F247248485AD}
		{CCC5ED41-E765-45A6-B555-21DF5956A5C2} = {6F07A14D-1495-4CB4-9F11-CF0F30C916C4}
		{A294DB75-7707-4C47-8BEC-56F5ADA25367} = {50D9D874-1322-441C-9396-33F25832FB88}
		{6F07A14D-1495-4CB4-9F11-CF0F30C916C4} = {BFAB0B22-0936-409D-AA3A-04E5C503F479}
	EndGlobalSection
EndGlobal
