
Microsoft Visual Studio Solution File, Format Version 12.00
# Visual Studio 2012
Project("{2150E333-8FDC-42A3-9474-1A3956D46DE8}") = "SolutionFiles", "SolutionFiles", "{4928A491-6E0E-4948-A9DD-F24A4A0AAC08}"
	ProjectSection(SolutionItems) = preProject
		ConfigR.Dictionary = ConfigR.Dictionary
		ConfigR.nuspec = ConfigR.nuspec
		ConfigR.ruleset = ConfigR.ruleset
		Settings.StyleCop = Settings.StyleCop
	EndProjectSection
EndProject
Project("{FAE04EC0-301F-11D3-BF4B-00C04F79EFBC}") = "ConfigR", "ConfigR\ConfigR.csproj", "{A294DB75-7707-4C47-8BEC-56F5ADA25367}"
EndProject
Project("{2150E333-8FDC-42A3-9474-1A3956D46DE8}") = ".nuget", ".nuget", "{B32D81B0-BCE2-48E7-9CCE-8CD79547A5DE}"
	ProjectSection(SolutionItems) = preProject
		.nuget\NuGet.Config = .nuget\NuGet.Config
		.nuget\NuGet.exe = .nuget\NuGet.exe
		.nuget\NuGet.targets = .nuget\NuGet.targets
	EndProjectSection
EndProject
Project("{FAE04EC0-301F-11D3-BF4B-00C04F79EFBC}") = "ConfigR.Features", "test\ConfigR.Features\ConfigR.Features.csproj", "{B80B228F-08E7-44F7-8209-6556DC4E68FB}"
EndProject
Project("{2150E333-8FDC-42A3-9474-1A3956D46DE8}") = "Test", "Test", "{BFAB0B22-0936-409D-AA3A-04E5C503F479}"
EndProject
Project("{2150E333-8FDC-42A3-9474-1A3956D46DE8}") = "Sample", "Sample", "{42CCC2FF-268C-4D91-90BD-D63C9D8B25CB}"
EndProject
Project("{FAE04EC0-301F-11D3-BF4B-00C04F79EFBC}") = "ConfigR.Testing.Service", "test\ConfigR.Testing.Service\ConfigR.Testing.Service.csproj", "{3ABA6C87-14D3-4CDE-ADEA-052381287C99}"
EndProject
Project("{FAE04EC0-301F-11D3-BF4B-00C04F79EFBC}") = "ConfigR.Testing.Website", "test\ConfigR.Testing.Website\ConfigR.Testing.Website.csproj", "{ED638DD5-E755-4B7A-940D-5C94AB425686}"
EndProject
Project("{FAE04EC0-301F-11D3-BF4B-00C04F79EFBC}") = "ConfigR.ConsoleApplication", "sample\ConfigR.ConsoleApplication\ConfigR.ConsoleApplication.csproj", "{57B9AA12-79B6-4899-BF02-26C8E808747A}"
EndProject
Project("{FAE04EC0-301F-11D3-BF4B-00C04F79EFBC}") = "ConfigR.WebApplication", "sample\ConfigR.WebApplication\ConfigR.WebApplication.csproj", "{B2B0E432-996E-4480-9E83-6E603AAC7D52}"
EndProject
Project("{FAE04EC0-301F-11D3-BF4B-00C04F79EFBC}") = "ConfigR.WindowsService", "sample\ConfigR.WindowsService\ConfigR.WindowsService.csproj", "{AEFE773B-248A-4765-BD69-DF5D48D09AD6}"
EndProject
Global
	GlobalSection(SolutionConfigurationPlatforms) = preSolution
		Debug|Any CPU = Debug|Any CPU
		Release|Any CPU = Release|Any CPU
	EndGlobalSection
	GlobalSection(ProjectConfigurationPlatforms) = postSolution
		{A294DB75-7707-4C47-8BEC-56F5ADA25367}.Debug|Any CPU.ActiveCfg = Debug|Any CPU
		{A294DB75-7707-4C47-8BEC-56F5ADA25367}.Debug|Any CPU.Build.0 = Debug|Any CPU
		{A294DB75-7707-4C47-8BEC-56F5ADA25367}.Release|Any CPU.ActiveCfg = Release|Any CPU
		{A294DB75-7707-4C47-8BEC-56F5ADA25367}.Release|Any CPU.Build.0 = Release|Any CPU
		{B80B228F-08E7-44F7-8209-6556DC4E68FB}.Debug|Any CPU.ActiveCfg = Debug|Any CPU
		{B80B228F-08E7-44F7-8209-6556DC4E68FB}.Debug|Any CPU.Build.0 = Debug|Any CPU
		{B80B228F-08E7-44F7-8209-6556DC4E68FB}.Release|Any CPU.ActiveCfg = Release|Any CPU
		{B80B228F-08E7-44F7-8209-6556DC4E68FB}.Release|Any CPU.Build.0 = Release|Any CPU
		{3ABA6C87-14D3-4CDE-ADEA-052381287C99}.Debug|Any CPU.ActiveCfg = Debug|Any CPU
		{3ABA6C87-14D3-4CDE-ADEA-052381287C99}.Debug|Any CPU.Build.0 = Debug|Any CPU
		{3ABA6C87-14D3-4CDE-ADEA-052381287C99}.Release|Any CPU.ActiveCfg = Release|Any CPU
		{3ABA6C87-14D3-4CDE-ADEA-052381287C99}.Release|Any CPU.Build.0 = Release|Any CPU
		{ED638DD5-E755-4B7A-940D-5C94AB425686}.Debug|Any CPU.ActiveCfg = Debug|Any CPU
		{ED638DD5-E755-4B7A-940D-5C94AB425686}.Debug|Any CPU.Build.0 = Debug|Any CPU
		{ED638DD5-E755-4B7A-940D-5C94AB425686}.Release|Any CPU.ActiveCfg = Release|Any CPU
		{ED638DD5-E755-4B7A-940D-5C94AB425686}.Release|Any CPU.Build.0 = Release|Any CPU
		{57B9AA12-79B6-4899-BF02-26C8E808747A}.Debug|Any CPU.ActiveCfg = Debug|Any CPU
		{57B9AA12-79B6-4899-BF02-26C8E808747A}.Debug|Any CPU.Build.0 = Debug|Any CPU
		{57B9AA12-79B6-4899-BF02-26C8E808747A}.Release|Any CPU.ActiveCfg = Release|Any CPU
		{57B9AA12-79B6-4899-BF02-26C8E808747A}.Release|Any CPU.Build.0 = Release|Any CPU
		{B2B0E432-996E-4480-9E83-6E603AAC7D52}.Debug|Any CPU.ActiveCfg = Debug|Any CPU
		{B2B0E432-996E-4480-9E83-6E603AAC7D52}.Debug|Any CPU.Build.0 = Debug|Any CPU
		{B2B0E432-996E-4480-9E83-6E603AAC7D52}.Release|Any CPU.ActiveCfg = Release|Any CPU
		{B2B0E432-996E-4480-9E83-6E603AAC7D52}.Release|Any CPU.Build.0 = Release|Any CPU
		{AEFE773B-248A-4765-BD69-DF5D48D09AD6}.Debug|Any CPU.ActiveCfg = Debug|Any CPU
		{AEFE773B-248A-4765-BD69-DF5D48D09AD6}.Debug|Any CPU.Build.0 = Debug|Any CPU
		{AEFE773B-248A-4765-BD69-DF5D48D09AD6}.Release|Any CPU.ActiveCfg = Release|Any CPU
		{AEFE773B-248A-4765-BD69-DF5D48D09AD6}.Release|Any CPU.Build.0 = Release|Any CPU
	EndGlobalSection
	GlobalSection(SolutionProperties) = preSolution
		HideSolutionNode = FALSE
	EndGlobalSection
	GlobalSection(NestedProjects) = preSolution
		{B80B228F-08E7-44F7-8209-6556DC4E68FB} = {BFAB0B22-0936-409D-AA3A-04E5C503F479}
		{3ABA6C87-14D3-4CDE-ADEA-052381287C99} = {BFAB0B22-0936-409D-AA3A-04E5C503F479}
		{ED638DD5-E755-4B7A-940D-5C94AB425686} = {BFAB0B22-0936-409D-AA3A-04E5C503F479}
		{57B9AA12-79B6-4899-BF02-26C8E808747A} = {42CCC2FF-268C-4D91-90BD-D63C9D8B25CB}
		{B2B0E432-996E-4480-9E83-6E603AAC7D52} = {42CCC2FF-268C-4D91-90BD-D63C9D8B25CB}
		{AEFE773B-248A-4765-BD69-DF5D48D09AD6} = {42CCC2FF-268C-4D91-90BD-D63C9D8B25CB}
	EndGlobalSection
EndGlobal
